// !$*UTF8*$!
{
	archiveVersion = 1;
	classes = {
	};
	objectVersion = 46;
	objects = {

/* Begin PBXBuildFile section */
		7FE22FD11F1369F300279126 /* AppDelegate.swift in Sources */ = {isa = PBXBuildFile; fileRef = 7FE22FD01F1369F300279126 /* AppDelegate.swift */; };
		7FE22FD31F1369F300279126 /* ViewController.swift in Sources */ = {isa = PBXBuildFile; fileRef = 7FE22FD21F1369F300279126 /* ViewController.swift */; };
		7FE22FD61F1369F300279126 /* Main.storyboard in Resources */ = {isa = PBXBuildFile; fileRef = 7FE22FD41F1369F300279126 /* Main.storyboard */; };
		7FE22FD91F1369F300279126 /* class1.xcdatamodeld in Sources */ = {isa = PBXBuildFile; fileRef = 7FE22FD71F1369F300279126 /* class1.xcdatamodeld */; };
		7FE22FDB1F1369F300279126 /* Assets.xcassets in Resources */ = {isa = PBXBuildFile; fileRef = 7FE22FDA1F1369F300279126 /* Assets.xcassets */; };
		7FE22FDE1F1369F300279126 /* LaunchScreen.storyboard in Resources */ = {isa = PBXBuildFile; fileRef = 7FE22FDC1F1369F300279126 /* LaunchScreen.storyboard */; };
		7FE22FE91F1369F300279126 /* class1Tests.swift in Sources */ = {isa = PBXBuildFile; fileRef = 7FE22FE81F1369F300279126 /* class1Tests.swift */; };
		7FE22FF41F1369F300279126 /* class1UITests.swift in Sources */ = {isa = PBXBuildFile; fileRef = 7FE22FF31F1369F300279126 /* class1UITests.swift */; };
/* End PBXBuildFile section */

/* Begin PBXContainerItemProxy section */
		7FE22FE51F1369F300279126 /* PBXContainerItemProxy */ = {
			isa = PBXContainerItemProxy;
			containerPortal = 7FE22FC51F1369F300279126 /* Project object */;
			proxyType = 1;
			remoteGlobalIDString = 7FE22FCC1F1369F300279126;
			remoteInfo = class1;
		};
		7FE22FF01F1369F300279126 /* PBXContainerItemProxy */ = {
			isa = PBXContainerItemProxy;
			containerPortal = 7FE22FC51F1369F300279126 /* Project object */;
			proxyType = 1;
			remoteGlobalIDString = 7FE22FCC1F1369F300279126;
			remoteInfo = class1;
		};
/* End PBXContainerItemProxy section */

/* Begin PBXFileReference section */
		7FE22FCD1F1369F300279126 /* class1.app */ = {isa = PBXFileReference; explicitFileType = wrapper.application; includeInIndex = 0; path = class1.app; sourceTree = BUILT_PRODUCTS_DIR; };
		7FE22FD01F1369F300279126 /* AppDelegate.swift */ = {isa = PBXFileReference; lastKnownFileType = sourcecode.swift; path = AppDelegate.swift; sourceTree = "<group>"; };
		7FE22FD21F1369F300279126 /* ViewController.swift */ = {isa = PBXFileReference; lastKnownFileType = sourcecode.swift; path = ViewController.swift; sourceTree = "<group>"; };
		7FE22FD51F1369F300279126 /* Base */ = {isa = PBXFileReference; lastKnownFileType = file.storyboard; name = Base; path = Base.lproj/Main.storyboard; sourceTree = "<group>"; };
		7FE22FD81F1369F300279126 /* class1.xcdatamodel */ = {isa = PBXFileReference; lastKnownFileType = wrapper.xcdatamodel; path = class1.xcdatamodel; sourceTree = "<group>"; };
		7FE22FDA1F1369F300279126 /* Assets.xcassets */ = {isa = PBXFileReference; lastKnownFileType = folder.assetcatalog; path = Assets.xcassets; sourceTree = "<group>"; };
		7FE22FDD1F1369F300279126 /* Base */ = {isa = PBXFileReference; lastKnownFileType = file.storyboard; name = Base; path = Base.lproj/LaunchScreen.storyboard; sourceTree = "<group>"; };
		7FE22FDF1F1369F300279126 /* Info.plist */ = {isa = PBXFileReference; lastKnownFileType = text.plist.xml; path = Info.plist; sourceTree = "<group>"; };
		7FE22FE41F1369F300279126 /* class1Tests.xctest */ = {isa = PBXFileReference; explicitFileType = wrapper.cfbundle; includeInIndex = 0; path = class1Tests.xctest; sourceTree = BUILT_PRODUCTS_DIR; };
		7FE22FE81F1369F300279126 /* class1Tests.swift */ = {isa = PBXFileReference; lastKnownFileType = sourcecode.swift; path = class1Tests.swift; sourceTree = "<group>"; };
		7FE22FEA1F1369F300279126 /* Info.plist */ = {isa = PBXFileReference; lastKnownFileType = text.plist.xml; path = Info.plist; sourceTree = "<group>"; };
		7FE22FEF1F1369F300279126 /* class1UITests.xctest */ = {isa = PBXFileReference; explicitFileType = wrapper.cfbundle; includeInIndex = 0; path = class1UITests.xctest; sourceTree = BUILT_PRODUCTS_DIR; };
		7FE22FF31F1369F300279126 /* class1UITests.swift */ = {isa = PBXFileReference; lastKnownFileType = sourcecode.swift; path = class1UITests.swift; sourceTree = "<group>"; };
		7FE22FF51F1369F300279126 /* Info.plist */ = {isa = PBXFileReference; lastKnownFileType = text.plist.xml; path = Info.plist; sourceTree = "<group>"; };
/* End PBXFileReference section */

/* Begin PBXFrameworksBuildPhase section */
		7FE22FCA1F1369F300279126 /* Frameworks */ = {
			isa = PBXFrameworksBuildPhase;
			buildActionMask = 2147483647;
			files = (
			);
			runOnlyForDeploymentPostprocessing = 0;
		};
		7FE22FE11F1369F300279126 /* Frameworks */ = {
			isa = PBXFrameworksBuildPhase;
			buildActionMask = 2147483647;
			files = (
			);
			runOnlyForDeploymentPostprocessing = 0;
		};
		7FE22FEC1F1369F300279126 /* Frameworks */ = {
			isa = PBXFrameworksBuildPhase;
			buildActionMask = 2147483647;
			files = (
			);
			runOnlyForDeploymentPostprocessing = 0;
		};
/* End PBXFrameworksBuildPhase section */

/* Begin PBXGroup section */
		7FE22FC41F1369F300279126 = {
			isa = PBXGroup;
			children = (
				7FE22FCF1F1369F300279126 /* class1 */,
				7FE22FE71F1369F300279126 /* class1Tests */,
				7FE22FF21F1369F300279126 /* class1UITests */,
				7FE22FCE1F1369F300279126 /* Products */,
			);
			sourceTree = "<group>";
		};
		7FE22FCE1F1369F300279126 /* Products */ = {
			isa = PBXGroup;
			children = (
				7FE22FCD1F1369F300279126 /* class1.app */,
				7FE22FE41F1369F300279126 /* class1Tests.xctest */,
				7FE22FEF1F1369F300279126 /* class1UITests.xctest */,
			);
			name = Products;
			sourceTree = "<group>";
		};
		7FE22FCF1F1369F300279126 /* class1 */ = {
			isa = PBXGroup;
			children = (
				7FE22FD01F1369F300279126 /* AppDelegate.swift */,
				7FE22FD21F1369F300279126 /* ViewController.swift */,
				7FE22FD41F1369F300279126 /* Main.storyboard */,
				7FE22FDA1F1369F300279126 /* Assets.xcassets */,
				7FE22FDC1F1369F300279126 /* LaunchScreen.storyboard */,
				7FE22FDF1F1369F300279126 /* Info.plist */,
				7FE22FD71F1369F300279126 /* class1.xcdatamodeld */,
			);
			path = class1;
			sourceTree = "<group>";
		};
		7FE22FE71F1369F300279126 /* class1Tests */ = {
			isa = PBXGroup;
			children = (
				7FE22FE81F1369F300279126 /* class1Tests.swift */,
				7FE22FEA1F1369F300279126 /* Info.plist */,
			);
			path = class1Tests;
			sourceTree = "<group>";
		};
		7FE22FF21F1369F300279126 /* class1UITests */ = {
			isa = PBXGroup;
			children = (
				7FE22FF31F1369F300279126 /* class1UITests.swift */,
				7FE22FF51F1369F300279126 /* Info.plist */,
			);
			path = class1UITests;
			sourceTree = "<group>";
		};
/* End PBXGroup section */

/* Begin PBXNativeTarget section */
		7FE22FCC1F1369F300279126 /* class1 */ = {
			isa = PBXNativeTarget;
			buildConfigurationList = 7FE22FF81F1369F300279126 /* Build configuration list for PBXNativeTarget "class1" */;
			buildPhases = (
				7FE22FC91F1369F300279126 /* Sources */,
				7FE22FCA1F1369F300279126 /* Frameworks */,
				7FE22FCB1F1369F300279126 /* Resources */,
			);
			buildRules = (
			);
			dependencies = (
			);
			name = class1;
			productName = class1;
			productReference = 7FE22FCD1F1369F300279126 /* class1.app */;
			productType = "com.apple.product-type.application";
		};
		7FE22FE31F1369F300279126 /* class1Tests */ = {
			isa = PBXNativeTarget;
			buildConfigurationList = 7FE22FFB1F1369F300279126 /* Build configuration list for PBXNativeTarget "class1Tests" */;
			buildPhases = (
				7FE22FE01F1369F300279126 /* Sources */,
				7FE22FE11F1369F300279126 /* Frameworks */,
				7FE22FE21F1369F300279126 /* Resources */,
			);
			buildRules = (
			);
			dependencies = (
				7FE22FE61F1369F300279126 /* PBXTargetDependency */,
			);
			name = class1Tests;
			productName = class1Tests;
			productReference = 7FE22FE41F1369F300279126 /* class1Tests.xctest */;
			productType = "com.apple.product-type.bundle.unit-test";
		};
		7FE22FEE1F1369F300279126 /* class1UITests */ = {
			isa = PBXNativeTarget;
			buildConfigurationList = 7FE22FFE1F1369F300279126 /* Build configuration list for PBXNativeTarget "class1UITests" */;
			buildPhases = (
				7FE22FEB1F1369F300279126 /* Sources */,
				7FE22FEC1F1369F300279126 /* Frameworks */,
				7FE22FED1F1369F300279126 /* Resources */,
			);
			buildRules = (
			);
			dependencies = (
				7FE22FF11F1369F300279126 /* PBXTargetDependency */,
			);
			name = class1UITests;
			productName = class1UITests;
			productReference = 7FE22FEF1F1369F300279126 /* class1UITests.xctest */;
			productType = "com.apple.product-type.bundle.ui-testing";
		};
/* End PBXNativeTarget section */

/* Begin PBXProject section */
		7FE22FC51F1369F300279126 /* Project object */ = {
			isa = PBXProject;
			attributes = {
				LastSwiftUpdateCheck = 0830;
				LastUpgradeCheck = 0830;
				ORGANIZATIONNAME = CurtisCiou;
				TargetAttributes = {
					7FE22FCC1F1369F300279126 = {
						CreatedOnToolsVersion = 8.3.3;
						ProvisioningStyle = Automatic;
					};
					7FE22FE31F1369F300279126 = {
						CreatedOnToolsVersion = 8.3.3;
						ProvisioningStyle = Automatic;
						TestTargetID = 7FE22FCC1F1369F300279126;
					};
					7FE22FEE1F1369F300279126 = {
						CreatedOnToolsVersion = 8.3.3;
						ProvisioningStyle = Automatic;
						TestTargetID = 7FE22FCC1F1369F300279126;
					};
				};
			};
			buildConfigurationList = 7FE22FC81F1369F300279126 /* Build configuration list for PBXProject "class1" */;
			compatibilityVersion = "Xcode 3.2";
			developmentRegion = English;
			hasScannedForEncodings = 0;
			knownRegions = (
				en,
				Base,
			);
			mainGroup = 7FE22FC41F1369F300279126;
			productRefGroup = 7FE22FCE1F1369F300279126 /* Products */;
			projectDirPath = "";
			projectRoot = "";
			targets = (
				7FE22FCC1F1369F300279126 /* class1 */,
				7FE22FE31F1369F300279126 /* class1Tests */,
				7FE22FEE1F1369F300279126 /* class1UITests */,
			);
		};
/* End PBXProject section */

/* Begin PBXResourcesBuildPhase section */
		7FE22FCB1F1369F300279126 /* Resources */ = {
			isa = PBXResourcesBuildPhase;
			buildActionMask = 2147483647;
			files = (
				7FE22FDE1F1369F300279126 /* LaunchScreen.storyboard in Resources */,
				7FE22FDB1F1369F300279126 /* Assets.xcassets in Resources */,
				7FE22FD61F1369F300279126 /* Main.storyboard in Resources */,
			);
			runOnlyForDeploymentPostprocessing = 0;
		};
		7FE22FE21F1369F300279126 /* Resources */ = {
			isa = PBXResourcesBuildPhase;
			buildActionMask = 2147483647;
			files = (
			);
			runOnlyForDeploymentPostprocessing = 0;
		};
		7FE22FED1F1369F300279126 /* Resources */ = {
			isa = PBXResourcesBuildPhase;
			buildActionMask = 2147483647;
			files = (
			);
			runOnlyForDeploymentPostprocessing = 0;
		};
/* End PBXResourcesBuildPhase section */

/* Begin PBXSourcesBuildPhase section */
		7FE22FC91F1369F300279126 /* Sources */ = {
			isa = PBXSourcesBuildPhase;
			buildActionMask = 2147483647;
			files = (
				7FE22FD91F1369F300279126 /* class1.xcdatamodeld in Sources */,
				7FE22FD31F1369F300279126 /* ViewController.swift in Sources */,
				7FE22FD11F1369F300279126 /* AppDelegate.swift in Sources */,
			);
			runOnlyForDeploymentPostprocessing = 0;
		};
		7FE22FE01F1369F300279126 /* Sources */ = {
			isa = PBXSourcesBuildPhase;
			buildActionMask = 2147483647;
			files = (
				7FE22FE91F1369F300279126 /* class1Tests.swift in Sources */,
			);
			runOnlyForDeploymentPostprocessing = 0;
		};
		7FE22FEB1F1369F300279126 /* Sources */ = {
			isa = PBXSourcesBuildPhase;
			buildActionMask = 2147483647;
			files = (
				7FE22FF41F1369F300279126 /* class1UITests.swift in Sources */,
			);
			runOnlyForDeploymentPostprocessing = 0;
		};
/* End PBXSourcesBuildPhase section */

/* Begin PBXTargetDependency section */
		7FE22FE61F1369F300279126 /* PBXTargetDependency */ = {
			isa = PBXTargetDependency;
			target = 7FE22FCC1F1369F300279126 /* class1 */;
			targetProxy = 7FE22FE51F1369F300279126 /* PBXContainerItemProxy */;
		};
		7FE22FF11F1369F300279126 /* PBXTargetDependency */ = {
			isa = PBXTargetDependency;
			target = 7FE22FCC1F1369F300279126 /* class1 */;
			targetProxy = 7FE22FF01F1369F300279126 /* PBXContainerItemProxy */;
		};
/* End PBXTargetDependency section */

/* Begin PBXVariantGroup section */
		7FE22FD41F1369F300279126 /* Main.storyboard */ = {
			isa = PBXVariantGroup;
			children = (
				7FE22FD51F1369F300279126 /* Base */,
			);
			name = Main.storyboard;
			sourceTree = "<group>";
		};
		7FE22FDC1F1369F300279126 /* LaunchScreen.storyboard */ = {
			isa = PBXVariantGroup;
			children = (
				7FE22FDD1F1369F300279126 /* Base */,
			);
			name = LaunchScreen.storyboard;
			sourceTree = "<group>";
		};
/* End PBXVariantGroup section */

/* Begin XCBuildConfiguration section */
		7FE22FF61F1369F300279126 /* Debug */ = {
			isa = XCBuildConfiguration;
			buildSettings = {
				ALWAYS_SEARCH_USER_PATHS = NO;
				CLANG_ANALYZER_NONNULL = YES;
				CLANG_ANALYZER_NUMBER_OBJECT_CONVERSION = YES_AGGRESSIVE;
				CLANG_CXX_LANGUAGE_STANDARD = "gnu++0x";
				CLANG_CXX_LIBRARY = "libc++";
				CLANG_ENABLE_MODULES = YES;
				CLANG_ENABLE_OBJC_ARC = YES;
				CLANG_WARN_BOOL_CONVERSION = YES;
				CLANG_WARN_CONSTANT_CONVERSION = YES;
				CLANG_WARN_DIRECT_OBJC_ISA_USAGE = YES_ERROR;
				CLANG_WARN_DOCUMENTATION_COMMENTS = YES;
				CLANG_WARN_EMPTY_BODY = YES;
				CLANG_WARN_ENUM_CONVERSION = YES;
				CLANG_WARN_INFINITE_RECURSION = YES;
				CLANG_WARN_INT_CONVERSION = YES;
				CLANG_WARN_OBJC_ROOT_CLASS = YES_ERROR;
				CLANG_WARN_SUSPICIOUS_MOVE = YES;
				CLANG_WARN_UNREACHABLE_CODE = YES;
				CLANG_WARN__DUPLICATE_METHOD_MATCH = YES;
				"CODE_SIGN_IDENTITY[sdk=iphoneos*]" = "iPhone Developer";
				COPY_PHASE_STRIP = NO;
				DEBUG_INFORMATION_FORMAT = dwarf;
				ENABLE_STRICT_OBJC_MSGSEND = YES;
				ENABLE_TESTABILITY = YES;
				GCC_C_LANGUAGE_STANDARD = gnu99;
				GCC_DYNAMIC_NO_PIC = NO;
				GCC_NO_COMMON_BLOCKS = YES;
				GCC_OPTIMIZATION_LEVEL = 0;
				GCC_PREPROCESSOR_DEFINITIONS = (
					"DEBUG=1",
					"$(inherited)",
				);
				GCC_WARN_64_TO_32_BIT_CONVERSION = YES;
				GCC_WARN_ABOUT_RETURN_TYPE = YES_ERROR;
				GCC_WARN_UNDECLARED_SELECTOR = YES;
				GCC_WARN_UNINITIALIZED_AUTOS = YES_AGGRESSIVE;
				GCC_WARN_UNUSED_FUNCTION = YES;
				GCC_WARN_UNUSED_VARIABLE = YES;
				IPHONEOS_DEPLOYMENT_TARGET = 10.3;
				MTL_ENABLE_DEBUG_INFO = YES;
				ONLY_ACTIVE_ARCH = YES;
				SDKROOT = iphoneos;
				SWIFT_ACTIVE_COMPILATION_CONDITIONS = DEBUG;
				SWIFT_OPTIMIZATION_LEVEL = "-Onone";
				TARGETED_DEVICE_FAMILY = "1,2";
			};
			name = Debug;
		};
		7FE22FF71F1369F300279126 /* Release */ = {
			isa = XCBuildConfiguration;
			buildSettings = {
				ALWAYS_SEARCH_USER_PATHS = NO;
				CLANG_ANALYZER_NONNULL = YES;
				CLANG_ANALYZER_NUMBER_OBJECT_CONVERSION = YES_AGGRESSIVE;
				CLANG_CXX_LANGUAGE_STANDARD = "gnu++0x";
				CLANG_CXX_LIBRARY = "libc++";
				CLANG_ENABLE_MODULES = YES;
				CLANG_ENABLE_OBJC_ARC = YES;
				CLANG_WARN_BOOL_CONVERSION = YES;
				CLANG_WARN_CONSTANT_CONVERSION = YES;
				CLANG_WARN_DIRECT_OBJC_ISA_USAGE = YES_ERROR;
				CLANG_WARN_DOCUMENTATION_COMMENTS = YES;
				CLANG_WARN_EMPTY_BODY = YES;
				CLANG_WARN_ENUM_CONVERSION = YES;
				CLANG_WARN_INFINITE_RECURSION = YES;
				CLANG_WARN_INT_CONVERSION = YES;
				CLANG_WARN_OBJC_ROOT_CLASS = YES_ERROR;
				CLANG_WARN_SUSPICIOUS_MOVE = YES;
				CLANG_WARN_UNREACHABLE_CODE = YES;
				CLANG_WARN__DUPLICATE_METHOD_MATCH = YES;
				"CODE_SIGN_IDENTITY[sdk=iphoneos*]" = "iPhone Developer";
				COPY_PHASE_STRIP = NO;
				DEBUG_INFORMATION_FORMAT = "dwarf-with-dsym";
				ENABLE_NS_ASSERTIONS = NO;
				ENABLE_STRICT_OBJC_MSGSEND = YES;
				GCC_C_LANGUAGE_STANDARD = gnu99;
				GCC_NO_COMMON_BLOCKS = YES;
				GCC_WARN_64_TO_32_BIT_CONVERSION = YES;
				GCC_WARN_ABOUT_RETURN_TYPE = YES_ERROR;
				GCC_WARN_UNDECLARED_SELECTOR = YES;
				GCC_WARN_UNINITIALIZED_AUTOS = YES_AGGRESSIVE;
				GCC_WARN_UNUSED_FUNCTION = YES;
				GCC_WARN_UNUSED_VARIABLE = YES;
				IPHONEOS_DEPLOYMENT_TARGET = 10.3;
				MTL_ENABLE_DEBUG_INFO = NO;
				SDKROOT = iphoneos;
				SWIFT_OPTIMIZATION_LEVEL = "-Owholemodule";
				TARGETED_DEVICE_FAMILY = "1,2";
				VALIDATE_PRODUCT = YES;
			};
			name = Release;
		};
		7FE22FF91F1369F300279126 /* Debug */ = {
			isa = XCBuildConfiguration;
			buildSettings = {
				ASSETCATALOG_COMPILER_APPICON_NAME = AppIcon;
				INFOPLIST_FILE = class1/Info.plist;
				LD_RUNPATH_SEARCH_PATHS = "$(inherited) @executable_path/Frameworks";
				PRODUCT_BUNDLE_IDENTIFIER = curtis.class1;
				PRODUCT_NAME = "$(TARGET_NAME)";
				SWIFT_VERSION = 3.0;
			};
			name = Debug;
		};
		7FE22FFA1F1369F300279126 /* Release */ = {
			isa = XCBuildConfiguration;
			buildSettings = {
				ASSETCATALOG_COMPILER_APPICON_NAME = AppIcon;
				INFOPLIST_FILE = class1/Info.plist;
				LD_RUNPATH_SEARCH_PATHS = "$(inherited) @executable_path/Frameworks";
				PRODUCT_BUNDLE_IDENTIFIER = curtis.class1;
				PRODUCT_NAME = "$(TARGET_NAME)";
				SWIFT_VERSION = 3.0;
			};
			name = Release;
		};
		7FE22FFC1F1369F300279126 /* Debug */ = {
			isa = XCBuildConfiguration;
			buildSettings = {
				ALWAYS_EMBED_SWIFT_STANDARD_LIBRARIES = YES;
				BUNDLE_LOADER = "$(TEST_HOST)";
				INFOPLIST_FILE = class1Tests/Info.plist;
				LD_RUNPATH_SEARCH_PATHS = "$(inherited) @executable_path/Frameworks @loader_path/Frameworks";
				PRODUCT_BUNDLE_IDENTIFIER = curtis.class1Tests;
				PRODUCT_NAME = "$(TARGET_NAME)";
				SWIFT_VERSION = 3.0;
				TEST_HOST = "$(BUILT_PRODUCTS_DIR)/class1.app/class1";
			};
			name = Debug;
		};
		7FE22FFD1F1369F300279126 /* Release */ = {
			isa = XCBuildConfiguration;
			buildSettings = {
				ALWAYS_EMBED_SWIFT_STANDARD_LIBRARIES = YES;
				BUNDLE_LOADER = "$(TEST_HOST)";
				INFOPLIST_FILE = class1Tests/Info.plist;
				LD_RUNPATH_SEARCH_PATHS = "$(inherited) @executable_path/Frameworks @loader_path/Frameworks";
				PRODUCT_BUNDLE_IDENTIFIER = curtis.class1Tests;
				PRODUCT_NAME = "$(TARGET_NAME)";
				SWIFT_VERSION = 3.0;
				TEST_HOST = "$(BUILT_PRODUCTS_DIR)/class1.app/class1";
			};
			name = Release;
		};
		7FE22FFF1F1369F300279126 /* Debug */ = {
			isa = XCBuildConfiguration;
			buildSettings = {
				ALWAYS_EMBED_SWIFT_STANDARD_LIBRARIES = YES;
				INFOPLIST_FILE = class1UITests/Info.plist;
				LD_RUNPATH_SEARCH_PATHS = "$(inherited) @executable_path/Frameworks @loader_path/Frameworks";
				PRODUCT_BUNDLE_IDENTIFIER = curtis.class1UITests;
				PRODUCT_NAME = "$(TARGET_NAME)";
				SWIFT_VERSION = 3.0;
				TEST_TARGET_NAME = class1;
			};
			name = Debug;
		};
		7FE230001F1369F300279126 /* Release */ = {
			isa = XCBuildConfiguration;
			buildSettings = {
				ALWAYS_EMBED_SWIFT_STANDARD_LIBRARIES = YES;
				INFOPLIST_FILE = class1UITests/Info.plist;
				LD_RUNPATH_SEARCH_PATHS = "$(inherited) @executable_path/Frameworks @loader_path/Frameworks";
				PRODUCT_BUNDLE_IDENTIFIER = curtis.class1UITests;
				PRODUCT_NAME = "$(TARGET_NAME)";
				SWIFT_VERSION = 3.0;
				TEST_TARGET_NAME = class1;
			};
			name = Release;
		};
/* End XCBuildConfiguration section */

/* Begin XCConfigurationList section */
		7FE22FC81F1369F300279126 /* Build configuration list for PBXProject "class1" */ = {
			isa = XCConfigurationList;
			buildConfigurations = (
				7FE22FF61F1369F300279126 /* Debug */,
				7FE22FF71F1369F300279126 /* Release */,
			);
			defaultConfigurationIsVisible = 0;
			defaultConfigurationName = Release;
		};
		7FE22FF81F1369F300279126 /* Build configuration list for PBXNativeTarget "class1" */ = {
			isa = XCConfigurationList;
			buildConfigurations = (
				7FE22FF91F1369F300279126 /* Debug */,
				7FE22FFA1F1369F300279126 /* Release */,
			);
			defaultConfigurationIsVisible = 0;
		};
		7FE22FFB1F1369F300279126 /* Build configuration list for PBXNativeTarget "class1Tests" */ = {
			isa = XCConfigurationList;
			buildConfigurations = (
				7FE22FFC1F1369F300279126 /* Debug */,
				7FE22FFD1F1369F300279126 /* Release */,
			);
			defaultConfigurationIsVisible = 0;
		};
		7FE22FFE1F1369F300279126 /* Build configuration list for PBXNativeTarget "class1UITests" */ = {
			isa = XCConfigurationList;
			buildConfigurations = (
				7FE22FFF1F1369F300279126 /* Debug */,
				7FE230001F1369F300279126 /* Release */,
			);
			defaultConfigurationIsVisible = 0;
		};
/* End XCConfigurationList section */

/* Begin XCVersionGroup section */
		7FE22FD71F1369F300279126 /* class1.xcdatamodeld */ = {
			isa = XCVersionGroup;
			children = (
				7FE22FD81F1369F300279126 /* class1.xcdatamodel */,
			);
			currentVersion = 7FE22FD81F1369F300279126 /* class1.xcdatamodel */;
			path = class1.xcdatamodeld;
			sourceTree = "<group>";
			versionGroupType = wrapper.xcdatamodel;
		};
/* End XCVersionGroup section */
	};
	rootObject = 7FE22FC51F1369F300279126 /* Project object */;
}
